<Solution>
  <Project Path="src/TractorRental.SharedKernel/TractorRental.SharedKernel.csproj" />
  <Project Path="src/TractorRental.Locacao.Domain/TractorRental.Locacao.Domain.csproj" />
  <Project Path="src/TractorRental.Locacao.Application/TractorRental.Locacao.Application.csproj" />
  <Project Path="src/TractorRental.Locacao.Infrastructure/TractorRental.Locacao.Infrastructure.csproj" />
  <Project Path="src/TractorRental.Frota.Domain/TractorRental.Frota.Domain.csproj" />
  <Project Path="src/TractorRental.Frota.Application/TractorRental.Frota.Application.csproj" />
  <Project Path="src/TractorRental.Frota.Infrastructure/TractorRental.Frota.Infrastructure.csproj" />
  <Project Path="src/TractorRental.Telemetria.Application/TractorRental.Telemetria.Application.csproj" />
  <Project Path="src/TractorRental.Telemetria.Infrastructure/TractorRental.Telemetria.Infrastructure.csproj" />
  <Folder Name="/src/">
    <Project Path="src/TractorRental.AppHost/TractorRental.AppHost.csproj" />
    <Project Path="src/TractorRental.BlazorFrontend/TractorRental.BlazorFrontend.csproj" />
    <Project Path="src/TractorRental.ServiceDefaults/TractorRental.ServiceDefaults.csproj" />
  </Folder>
  <Project Path="src/TractorRental.Api/TractorRental.Api.csproj" />
  <Project Path="src/TractorRental.IoTWorker/TractorRental.IoTWorker.csproj" />
  <Project Path="tests/TractorRental.UnitTests/TractorRental.UnitTests.csproj" />
</Solution>
